// !$*UTF8*$!
{
	archiveVersion = 1;
	classes = {
	};
	objectVersion = 77;
	objects = {

/* Begin PBXBuildFile section */
		011DD987E563D9550F636B86 /* GameGridView.swift in Sources */ = {isa = PBXBuildFile; fileRef = AE912BF21B593A5DEC3587D3 /* GameGridView.swift */; };
		0A8D95480625AAF29905E1B9 /* ContentView.swift in Sources */ = {isa = PBXBuildFile; fileRef = 6AE925B56BFD4ACBD8E66C68 /* ContentView.swift */; };
		111141253A70B13506270972 /* Gem.swift in Sources */ = {isa = PBXBuildFile; fileRef = 8EC16F2E7C89EFB18A6BF778 /* Gem.swift */; };
		2712262722239FA5CAB6FAB0 /* GameBoard.swift in Sources */ = {isa = PBXBuildFile; fileRef = CBEE7E0C7F9624974A280CE8 /* GameBoard.swift */; };
		6A49A068AF59D0C0E9D35171 /* GemView.swift in Sources */ = {isa = PBXBuildFile; fileRef = 1F615E03EEF10CB5771C5FF6 /* GemView.swift */; };
		A6537798E776BB6F6847B5C1 /* MatchThreeApp.swift in Sources */ = {isa = PBXBuildFile; fileRef = 7C400E56158564855225371E /* MatchThreeApp.swift */; };
/* End PBXBuildFile section */

/* Begin PBXFileReference section */
		1CBCB32C6BA44828EB5D95B8 /* Info.plist */ = {isa = PBXFileReference; lastKnownFileType = text.plist; path = Info.plist; sourceTree = "<group>"; };
		1ED78177AF2D6F3BF7E17503 /* MatchThree.app */ = {isa = PBXFileReference; includeInIndex = 0; lastKnownFileType = wrapper.application; path = MatchThree.app; sourceTree = BUILT_PRODUCTS_DIR; };
		1F615E03EEF10CB5771C5FF6 /* GemView.swift */ = {isa = PBXFileReference; lastKnownFileType = sourcecode.swift; path = GemView.swift; sourceTree = "<group>"; };
		6AE925B56BFD4ACBD8E66C68 /* ContentView.swift */ = {isa = PBXFileReference; lastKnownFileType = sourcecode.swift; path = ContentView.swift; sourceTree = "<group>"; };
		7C400E56158564855225371E /* MatchThreeApp.swift */ = {isa = PBXFileReference; lastKnownFileType = sourcecode.swift; path = MatchThreeApp.swift; sourceTree = "<group>"; };
		8EC16F2E7C89EFB18A6BF778 /* Gem.swift */ = {isa = PBXFileReference; lastKnownFileType = sourcecode.swift; path = Gem.swift; sourceTree = "<group>"; };
		AE912BF21B593A5DEC3587D3 /* GameGridView.swift */ = {isa = PBXFileReference; lastKnownFileType = sourcecode.swift; path = GameGridView.swift; sourceTree = "<group>"; };
		CBEE7E0C7F9624974A280CE8 /* GameBoard.swift */ = {isa = PBXFileReference; lastKnownFileType = sourcecode.swift; path = GameBoard.swift; sourceTree = "<group>"; };
/* End PBXFileReference section */

/* Begin PBXGroup section */
		116D2C7344DDE740F543D2AC /* MatchThree */ = {
			isa = PBXGroup;
			children = (
				6AE925B56BFD4ACBD8E66C68 /* ContentView.swift */,
				1CBCB32C6BA44828EB5D95B8 /* Info.plist */,
				7C400E56158564855225371E /* MatchThreeApp.swift */,
				81F69C176636BE15FF708F91 /* Models */,
				531359D6F4A3E0EAE2580057 /* Views */,
			);
			path = MatchThree;
			sourceTree = "<group>";
		};
		4CAA8A32AC48C6E0D84823CB /* Products */ = {
			isa = PBXGroup;
			children = (
				1ED78177AF2D6F3BF7E17503 /* MatchThree.app */,
			);
			name = Products;
			sourceTree = "<group>";
		};
		531359D6F4A3E0EAE2580057 /* Views */ = {
			isa = PBXGroup;
			children = (
				AE912BF21B593A5DEC3587D3 /* GameGridView.swift */,
				1F615E03EEF10CB5771C5FF6 /* GemView.swift */,
			);
			path = Views;
			sourceTree = "<group>";
		};
		81F69C176636BE15FF708F91 /* Models */ = {
			isa = PBXGroup;
			children = (
				CBEE7E0C7F9624974A280CE8 /* GameBoard.swift */,
				8EC16F2E7C89EFB18A6BF778 /* Gem.swift */,
			);
			path = Models;
			sourceTree = "<group>";
		};
		FA179EEF5D59F58D62EA3492 = {
			isa = PBXGroup;
			children = (
				116D2C7344DDE740F543D2AC /* MatchThree */,
				4CAA8A32AC48C6E0D84823CB /* Products */,
			);
			sourceTree = "<group>";
		};
/* End PBXGroup section */

/* Begin PBXNativeTarget section */
		A74F0FC2F119BA9B03F06BFC /* MatchThree */ = {
			isa = PBXNativeTarget;
			buildConfigurationList = 66A05D0DE7BD985944627CFB /* Build configuration list for PBXNativeTarget "MatchThree" */;
			buildPhases = (
				8C02DD559FDE315C12FDF2E5 /* Sources */,
			);
			buildRules = (
			);
			dependencies = (
			);
			name = MatchThree;
			packageProductDependencies = (
			);
			productName = MatchThree;
			productReference = 1ED78177AF2D6F3BF7E17503 /* MatchThree.app */;
			productType = "com.apple.product-type.application";
		};
/* End PBXNativeTarget section */

/* Begin PBXProject section */
		D13F3F8F55912FF49AEF4681 /* Project object */ = {
			isa = PBXProject;
			attributes = {
				BuildIndependentTargetsInParallel = YES;
				LastUpgradeCheck = 1600;
				TargetAttributes = {
				};
			};
			buildConfigurationList = AE395648E09E136C562FD106 /* Build configuration list for PBXProject "MatchThree" */;
			developmentRegion = en;
			hasScannedForEncodings = 0;
			knownRegions = (
				Base,
				en,
			);
			mainGroup = FA179EEF5D59F58D62EA3492;
			minimizedProjectReferenceProxies = 1;
			preferredProjectObjectVersion = 77;
			productRefGroup = 4CAA8A32AC48C6E0D84823CB /* Products */;
			projectDirPath = "";
			projectRoot = "";
			targets = (
				A74F0FC2F119BA9B03F06BFC /* MatchThree */,
			);
		};
/* End PBXProject section */

/* Begin PBXSourcesBuildPhase section */
		8C02DD559FDE315C12FDF2E5 /* Sources */ = {
			isa = PBXSourcesBuildPhase;
			buildActionMask = 2147483647;
			files = (
				0A8D95480625AAF29905E1B9 /* ContentView.swift in Sources */,
				2712262722239FA5CAB6FAB0 /* GameBoard.swift in Sources */,
				011DD987E563D9550F636B86 /* GameGridView.swift in Sources */,
				111141253A70B13506270972 /* Gem.swift in Sources */,
				6A49A068AF59D0C0E9D35171 /* GemView.swift in Sources */,
				A6537798E776BB6F6847B5C1 /* MatchThreeApp.swift in Sources */,
			);
			runOnlyForDeploymentPostprocessing = 0;
		};
/* End PBXSourcesBuildPhase section */

/* Begin XCBuildConfiguration section */
		29493CABBAF98AA5DDCF588A /* Release */ = {
			isa = XCBuildConfiguration;
			buildSettings = {
				ALWAYS_SEARCH_USER_PATHS = NO;
				CLANG_ANALYZER_NONNULL = YES;
				CLANG_ANALYZER_NUMBER_OBJECT_CONVERSION = YES_AGGRESSIVE;
				CLANG_CXX_LANGUAGE_STANDARD = "gnu++14";
				CLANG_CXX_LIBRARY = "libc++";
				CLANG_ENABLE_MODULES = YES;
				CLANG_ENABLE_OBJC_ARC = YES;
				CLANG_ENABLE_OBJC_WEAK = YES;
				CLANG_WARN_BLOCK_CAPTURE_AUTORELEASING = YES;
				CLANG_WARN_BOOL_CONVERSION = YES;
				CLANG_WARN_COMMA = YES;
				CLANG_WARN_CONSTANT_CONVERSION = YES;
				CLANG_WARN_DEPRECATED_OBJC_IMPLEMENTATIONS = YES;
				CLANG_WARN_DIRECT_OBJC_ISA_USAGE = YES_ERROR;
				CLANG_WARN_DOCUMENTATION_COMMENTS = YES;
				CLANG_WARN_EMPTY_BODY = YES;
				CLANG_WARN_ENUM_CONVERSION = YES;
				CLANG_WARN_INFINITE_RECURSION = YES;
				CLANG_WARN_INT_CONVERSION = YES;
				CLANG_WARN_NON_LITERAL_NULL_CONVERSION = YES;
				CLANG_WARN_OBJC_IMPLICIT_RETAIN_SELF = YES;
				CLANG_WARN_OBJC_LITERAL_CONVERSION = YES;
				CLANG_WARN_OBJC_ROOT_CLASS = YES_ERROR;
				CLANG_WARN_QUOTED_INCLUDE_IN_FRAMEWORK_HEADER = YES;
				CLANG_WARN_RANGE_LOOP_ANALYSIS = YES;
				CLANG_WARN_STRICT_PROTOTYPES = YES;
				CLANG_WARN_SUSPICIOUS_MOVE = YES;
				CLANG_WARN_UNGUARDED_AVAILABILITY = YES_AGGRESSIVE;
				CLANG_WARN_UNREACHABLE_CODE = YES;
				CLANG_WARN__DUPLICATE_METHOD_MATCH = YES;
				COPY_PHASE_STRIP = NO;
				DEBUG_INFORMATION_FORMAT = "dwarf-with-dsym";
				ENABLE_NS_ASSERTIONS = NO;
				ENABLE_STRICT_OBJC_MSGSEND = YES;
				GCC_C_LANGUAGE_STANDARD = gnu11;
				GCC_NO_COMMON_BLOCKS = YES;
				GCC_WARN_64_TO_32_BIT_CONVERSION = YES;
				GCC_WARN_ABOUT_RETURN_TYPE = YES_ERROR;
				GCC_WARN_UNDECLARED_SELECTOR = YES;
				GCC_WARN_UNINITIALIZED_AUTOS = YES_AGGRESSIVE;
				GCC_WARN_UNUSED_FUNCTION = YES;
				GCC_WARN_UNUSED_VARIABLE = YES;
				IPHONEOS_DEPLOYMENT_TARGET = 17.0;
				MTL_ENABLE_DEBUG_INFO = NO;
				MTL_FAST_MATH = YES;
				PRODUCT_NAME = "$(TARGET_NAME)";
				SDKROOT = iphoneos;
				SWIFT_COMPILATION_MODE = wholemodule;
				SWIFT_OPTIMIZATION_LEVEL = "-O";
				SWIFT_VERSION = 5.9;
			};
			name = Release;
		};
		49A3E61A18B9E9F28FB87F92 /* Debug */ = {
			isa = XCBuildConfiguration;
			buildSettings = {
				ASSETCATALOG_COMPILER_APPICON_NAME = AppIcon;
				CODE_SIGN_IDENTITY = "iPhone Developer";
				GENERATE_INFOPLIST_FILE = NO;
				INFOPLIST_FILE = MatchThree/Info.plist;
				LD_RUNPATH_SEARCH_PATHS = (
					"$(inherited)",
					"@executable_path/Frameworks",
				);
				PRODUCT_BUNDLE_IDENTIFIER = com.jekyll.matchthree;
				SDKROOT = iphoneos;
				TARGETED_DEVICE_FAMILY = "1,2";
			};
			name = Debug;
		};
		61CDB6AF4BAD819E56C54771 /* Debug */ = {
			isa = XCBuildConfiguration;
			buildSettings = {
				ALWAYS_SEARCH_USER_PATHS = NO;
				CLANG_ANALYZER_NONNULL = YES;
				CLANG_ANALYZER_NUMBER_OBJECT_CONVERSION = YES_AGGRESSIVE;
				CLANG_CXX_LANGUAGE_STANDARD = "gnu++14";
				CLANG_CXX_LIBRARY = "libc++";
				CLANG_ENABLE_MODULES = YES;
				CLANG_ENABLE_OBJC_ARC = YES;
				CLANG_ENABLE_OBJC_WEAK = YES;
				CLANG_WARN_BLOCK_CAPTURE_AUTORELEASING = YES;
				CLANG_WARN_BOOL_CONVERSION = YES;
				CLANG_WARN_COMMA = YES;
				CLANG_WARN_CONSTANT_CONVERSION = YES;
				CLANG_WARN_DEPRECATED_OBJC_IMPLEMENTATIONS = YES;
				CLANG_WARN_DIRECT_OBJC_ISA_USAGE = YES_ERROR;
				CLANG_WARN_DOCUMENTATION_COMMENTS = YES;
				CLANG_WARN_EMPTY_BODY = YES;
				CLANG_WARN_ENUM_CONVERSION = YES;
				CLANG_WARN_INFINITE_RECURSION = YES;
				CLANG_WARN_INT_CONVERSION = YES;
				CLANG_WARN_NON_LITERAL_NULL_CONVERSION = YES;
				CLANG_WARN_OBJC_IMPLICIT_RETAIN_SELF = YES;
				CLANG_WARN_OBJC_LITERAL_CONVERSION = YES;
				CLANG_WARN_OBJC_ROOT_CLASS = YES_ERROR;
				CLANG_WARN_QUOTED_INCLUDE_IN_FRAMEWORK_HEADER = YES;
				CLANG_WARN_RANGE_LOOP_ANALYSIS = YES;
				CLANG_WARN_STRICT_PROTOTYPES = YES;
				CLANG_WARN_SUSPICIOUS_MOVE = YES;
				CLANG_WARN_UNGUARDED_AVAILABILITY = YES_AGGRESSIVE;
				CLANG_WARN_UNREACHABLE_CODE = YES;
				CLANG_WARN__DUPLICATE_METHOD_MATCH = YES;
				COPY_PHASE_STRIP = NO;
				DEBUG_INFORMATION_FORMAT = dwarf;
				ENABLE_STRICT_OBJC_MSGSEND = YES;
				ENABLE_TESTABILITY = YES;
				GCC_C_LANGUAGE_STANDARD = gnu11;
				GCC_DYNAMIC_NO_PIC = NO;
				GCC_NO_COMMON_BLOCKS = YES;
				GCC_OPTIMIZATION_LEVEL = 0;
				GCC_PREPROCESSOR_DEFINITIONS = (
					"$(inherited)",
					"DEBUG=1",
				);
				GCC_WARN_64_TO_32_BIT_CONVERSION = YES;
				GCC_WARN_ABOUT_RETURN_TYPE = YES_ERROR;
				GCC_WARN_UNDECLARED_SELECTOR = YES;
				GCC_WARN_UNINITIALIZED_AUTOS = YES_AGGRESSIVE;
				GCC_WARN_UNUSED_FUNCTION = YES;
				GCC_WARN_UNUSED_VARIABLE = YES;
				IPHONEOS_DEPLOYMENT_TARGET = 17.0;
				MTL_ENABLE_DEBUG_INFO = INCLUDE_SOURCE;
				MTL_FAST_MATH = YES;
				ONLY_ACTIVE_ARCH = YES;
				PRODUCT_NAME = "$(TARGET_NAME)";
				SDKROOT = iphoneos;
				SWIFT_ACTIVE_COMPILATION_CONDITIONS = DEBUG;
				SWIFT_OPTIMIZATION_LEVEL = "-Onone";
				SWIFT_VERSION = 5.9;
			};
			name = Debug;
		};
		806C43CA878FD41AEBCD0F3E /* Release */ = {
			isa = XCBuildConfiguration;
			buildSettings = {
				ASSETCATALOG_COMPILER_APPICON_NAME = AppIcon;
				CODE_SIGN_IDENTITY = "iPhone Developer";
				GENERATE_INFOPLIST_FILE = NO;
				INFOPLIST_FILE = MatchThree/Info.plist;
				LD_RUNPATH_SEARCH_PATHS = (
					"$(inherited)",
					"@executable_path/Frameworks",
				);
				PRODUCT_BUNDLE_IDENTIFIER = com.jekyll.matchthree;
				SDKROOT = iphoneos;
				TARGETED_DEVICE_FAMILY = "1,2";
			};
			name = Release;
		};
/* End XCBuildConfiguration section */

/* Begin XCConfigurationList section */
		66A05D0DE7BD985944627CFB /* Build configuration list for PBXNativeTarget "MatchThree" */ = {
			isa = XCConfigurationList;
			buildConfigurations = (
				49A3E61A18B9E9F28FB87F92 /* Debug */,
				806C43CA878FD41AEBCD0F3E /* Release */,
			);
			defaultConfigurationIsVisible = 0;
			defaultConfigurationName = Debug;
		};
		AE395648E09E136C562FD106 /* Build configuration list for PBXProject "MatchThree" */ = {
			isa = XCConfigurationList;
			buildConfigurations = (
				61CDB6AF4BAD819E56C54771 /* Debug */,
				29493CABBAF98AA5DDCF588A /* Release */,
			);
			defaultConfigurationIsVisible = 0;
			defaultConfigurationName = Debug;
		};
/* End XCConfigurationList section */
	};
	rootObject = D13F3F8F55912FF49AEF4681 /* Project object */;
}
